{
    "requires": true,
    "lockfileVersion": 1,
    "dependencies": {
        "hquery.php": {
            "version": "3.0.3",
            "resolved": "https://registry.npmjs.org/hquery.php/-/hquery.php-3.0.3.tgz",
            "integrity": "sha512-8FKtAdbBiAJghHLz3sl/VSK8vvSHtX0X8ob9o9ApQifqaqutKeqUm1dSb/eULo5e0Falt86hLQRRiFeAi0vMLQ=="
        }
    }
}
